<?xml version="1.0" encoding="utf-8"?>
<Project ToolsVersion="4.0" xmlns="http://schemas.microsoft.com/developer/msbuild/2003">
  <ItemGroup>
    <Filter Include="Common">
      <UniqueIdentifier>{4FC737F1-C7A5-4376-A066-2A32D752A2FF}</UniqueIdentifier>
      <Extensions>cpp;c;cc;cxx;def;odl;idl;hpj;bat;asm;asmx</Extensions>
    </Filter>
    <Filter Include="Common\Containers">
      <UniqueIdentifier>{e8a1584d-9ab4-4ed4-8744-8641b7365d26}</UniqueIdentifier>
    </Filter>
    <Filter Include="Common\Cryption">
      <UniqueIdentifier>{7826e3e8-c45f-4a5c-ac48-2c8641c4b124}</UniqueIdentifier>
    </Filter>
    <Filter Include="Common\Meta">
      <UniqueIdentifier>{efe79f9d-491b-4ff8-9127-83bfadc6e614}</UniqueIdentifier>
    </Filter>
    <Filter Include="Common\Objects">
      <UniqueIdentifier>{7d97d436-ee58-4f6d-9782-a832703fea27}</UniqueIdentifier>
    </Filter>
    <Filter Include="Common\String">
      <UniqueIdentifier>{a03295b1-d4b6-4d24-8413-b782cbe9f33f}</UniqueIdentifier>
    </Filter>
    <Filter Include="Common\Memory">
      <UniqueIdentifier>{dcd14cc7-abea-4e8c-8ae5-ec45cc60febc}</UniqueIdentifier>
    </Filter>
    <Filter Include="Common\Math">
      <UniqueIdentifier>{00a0c352-e0ff-46fe-890d-6d3f85ab2d8d}</UniqueIdentifier>
    </Filter>
    <Filter Include="Common\Parser">
      <UniqueIdentifier>{1911084c-8da2-4a0c-af63-7f69562eff3d}</UniqueIdentifier>
    </Filter>
    <Filter Include="Common\Algorithm">
      <UniqueIdentifier>{a408f3b4-31fd-420c-aeaf-8d734ca47ad4}</UniqueIdentifier>
    </Filter>
  </ItemGroup>
  <ItemGroup>
    <ClCompile Include="Common\Containers\xlArrayTest.cpp">
      <Filter>Common\Containers</Filter>
    </ClCompile>
    <ClCompile Include="Common\Containers\xlListTest.cpp">
      <Filter>Common\Containers</Filter>
    </ClCompile>
    <ClCompile Include="Common\Containers\xlMapTest.cpp">
      <Filter>Common\Containers</Filter>
    </ClCompile>
    <ClCompile Include="Common\Containers\xlPairTest.cpp">
      <Filter>Common\Containers</Filter>
    </ClCompile>
    <ClCompile Include="Common\Containers\xlRBTreeTest.cpp">
      <Filter>Common\Containers</Filter>
    </ClCompile>
    <ClCompile Include="Common\Containers\xlSetTest.cpp">
      <Filter>Common\Containers</Filter>
    </ClCompile>
    <ClCompile Include="Common\Cryption\xlCRC32Test.cpp">
      <Filter>Common\Cryption</Filter>
    </ClCompile>
    <ClCompile Include="Common\Cryption\xlMD5Test.cpp">
      <Filter>Common\Cryption</Filter>
    </ClCompile>
    <ClCompile Include="Common\Cryption\xlSHA1Test.cpp">
      <Filter>Common\Cryption</Filter>
    </ClCompile>
    <ClCompile Include="Common\Meta\xlFunctionTest.cpp">
      <Filter>Common\Meta</Filter>
    </ClCompile>
    <ClCompile Include="Common\Objects\xlBigIntTest.cpp">
      <Filter>Common\Objects</Filter>
    </ClCompile>
    <ClCompile Include="Common\String\xlBase64Test.cpp">
      <Filter>Common\String</Filter>
    </ClCompile>
    <ClCompile Include="Common\String\xlStringTest.cpp">
      <Filter>Common\String</Filter>
    </ClCompile>
    <ClCompile Include="Common\Memory\xlSmartPtrTest.cpp">
      <Filter>Common\Memory</Filter>
    </ClCompile>
    <ClCompile Include="Common\String\xlEncodingTest.cpp">
      <Filter>Common\String</Filter>
    </ClCompile>
    <ClCompile Include="Common\Meta\xlBindTest.cpp">
      <Filter>Common\Meta</Filter>
    </ClCompile>
    <ClCompile Include="Common\Meta\xlScopedExitTest.cpp">
      <Filter>Common\Meta</Filter>
    </ClCompile>
    <ClCompile Include="Common\Math\xlIntervalTest.cpp">
      <Filter>Common\Math</Filter>
    </ClCompile>
    <ClCompile Include="Common\Math\xlIntervalSetTest.cpp">
      <Filter>Common\Math</Filter>
    </ClCompile>
    <ClCompile Include="Common\Parser\xlRegExpTest.cpp">
      <Filter>Common\Parser</Filter>
    </ClCompile>
    <ClCompile Include="Common\Algorithm\xlSortTest.cpp">
      <Filter>Common\Algorithm</Filter>
    </ClCompile>
    <ClCompile Include="Common\Meta\xlTupleTest.cpp">
      <Filter>Common\Meta</Filter>
    </ClCompile>
    <ClCompile Include="Common\Math\xlEquationTest.cpp">
      <Filter>Common\Math</Filter>
    </ClCompile>
    <ClCompile Include="Common\Memory\xlMemoryTest.cpp">
      <Filter>Common\Memory</Filter>
    </ClCompile>
    <ClCompile Include="Common\Math\xlBitValueTest.cpp">
      <Filter>Common\Math</Filter>
    </ClCompile>
    <ClCompile Include="Main.cpp" />
  </ItemGroup>
</Project>