
Microsoft Visual Studio Solution File, Format Version 11.00
# Visual Studio 2010
Project("{8BC9CEB8-8B4A-11D0-8D11-00A0C91BC942}") = "Main", "UnitTest\Main\Main.vcxproj", "{EC10C8B7-1338-49F4-81DF-7C6B551E4519}"
EndProject
Project("{2150E333-8FDC-42A3-9474-1A3956D46DE8}") = "xlLib", "xlLib", "{41DE1E2B-20E7-4CA9-95BF-FED590434EBA}"
	ProjectSection(SolutionItems) = preProject
		SourceCode\xl\xlDef.h = SourceCode\xl\xlDef.h
	EndProjectSection
EndProject
Project("{2150E333-8FDC-42A3-9474-1A3956D46DE8}") = "Containers", "Containers", "{FD3A4148-0987-4149-B459-5727872E3AA9}"
	ProjectSection(SolutionItems) = preProject
		SourceCode\xl\Containers\xlArray.h = SourceCode\xl\Containers\xlArray.h
		SourceCode\xl\Containers\xlList.h = SourceCode\xl\Containers\xlList.h
		SourceCode\xl\Containers\xlMap.h = SourceCode\xl\Containers\xlMap.h
		SourceCode\xl\Containers\xlPair.h = SourceCode\xl\Containers\xlPair.h
		SourceCode\xl\Containers\xlRBTree.h = SourceCode\xl\Containers\xlRBTree.h
		SourceCode\xl\Containers\xlSet.h = SourceCode\xl\Containers\xlSet.h
	EndProjectSection
EndProject
Project("{2150E333-8FDC-42A3-9474-1A3956D46DE8}") = "Objects", "Objects", "{9B64EC0F-9080-4D92-9A68-5A1423CC3BA7}"
	ProjectSection(SolutionItems) = preProject
		SourceCode\xl\Objects\xlBigInt.h = SourceCode\xl\Objects\xlBigInt.h
		SourceCode\xl\Objects\xlFunction.h = SourceCode\xl\Objects\xlFunction.h
		SourceCode\xl\Objects\xlQIPtr.h = SourceCode\xl\Objects\xlQIPtr.h
		SourceCode\xl\Objects\xlRegExp.h = SourceCode\xl\Objects\xlRegExp.h
		SourceCode\xl\Objects\xlString.h = SourceCode\xl\Objects\xlString.h
	EndProjectSection
EndProject
Project("{2150E333-8FDC-42A3-9474-1A3956D46DE8}") = "UnitTest", "UnitTest", "{32139451-1EE1-4BA6-9E40-C3E84993E9A6}"
	ProjectSection(SolutionItems) = preProject
		UnitTest\UnitTestFrame.h = UnitTest\UnitTestFrame.h
	EndProjectSection
EndProject
Project("{8BC9CEB8-8B4A-11D0-8D11-00A0C91BC942}") = "xlArrayTest", "UnitTest\xlArrayTest\xlArrayTest.vcxproj", "{0200BE79-EA0F-438D-9681-B226E389B4A1}"
EndProject
Project("{8BC9CEB8-8B4A-11D0-8D11-00A0C91BC942}") = "xlBigIntTest", "UnitTest\xlBigIntTest\xlBigIntTest.vcxproj", "{3E4BFCF9-C59F-4976-B16F-6CD3BE6CBADE}"
EndProject
Project("{8BC9CEB8-8B4A-11D0-8D11-00A0C91BC942}") = "xlListTest", "UnitTest\xlListTest\xlListTest.vcxproj", "{0D471331-A9CB-4A99-A848-C22CCD87EA2D}"
EndProject
Project("{8BC9CEB8-8B4A-11D0-8D11-00A0C91BC942}") = "xlRBTreeTest", "UnitTest\xlRBTreeTest\xlRBTreeTest.vcxproj", "{A2A7F472-0D0E-4788-A4A9-EEA393B0D39C}"
EndProject
Project("{8BC9CEB8-8B4A-11D0-8D11-00A0C91BC942}") = "xlPairTest", "UnitTest\xlPairTest\xlPairTest.vcxproj", "{F3E90435-67BE-4625-8442-47525AAE3C86}"
EndProject
Project("{8BC9CEB8-8B4A-11D0-8D11-00A0C91BC942}") = "xlSetTest", "UnitTest\xlSetTest\xlSetTest.vcxproj", "{BB26E470-1F2B-4D70-AB44-00BBE861C9B4}"
EndProject
Project("{8BC9CEB8-8B4A-11D0-8D11-00A0C91BC942}") = "xlMapTest", "UnitTest\xlMapTest\xlMapTest.vcxproj", "{E83F331B-818B-40A0-BD86-7EA48A0C259B}"
EndProject
Project("{8BC9CEB8-8B4A-11D0-8D11-00A0C91BC942}") = "xlStringTest", "UnitTest\xlStringTest\xlStringTest.vcxproj", "{4B436D1F-D7BA-4FE7-9C71-06EEE609E6DD}"
EndProject
Project("{8BC9CEB8-8B4A-11D0-8D11-00A0C91BC942}") = "xlQIPtrTest", "UnitTest\xlQIPtrTest\xlQIPtrTest.vcxproj", "{2C71993B-5063-4DFD-8E38-6CDE92CE8DDE}"
EndProject
Project("{8BC9CEB8-8B4A-11D0-8D11-00A0C91BC942}") = "xlRegExpTest", "UnitTest\xlRegExpTest\xlRegExpTest.vcxproj", "{680B706B-FAC0-438E-8459-EC5492D0BE33}"
EndProject
Project("{2150E333-8FDC-42A3-9474-1A3956D46DE8}") = "Meta", "Meta", "{3CF5010F-D9AA-40DA-9823-D23D64A7BE33}"
	ProjectSection(SolutionItems) = preProject
		SourceCode\xl\Meta\xlMacros.h = SourceCode\xl\Meta\xlMacros.h
		SourceCode\xl\Meta\xlTypeList.h = SourceCode\xl\Meta\xlTypeList.h
		SourceCode\xl\Meta\xlTypeTraits.h = SourceCode\xl\Meta\xlTypeTraits.h
	EndProjectSection
EndProject
Project("{8BC9CEB8-8B4A-11D0-8D11-00A0C91BC942}") = "xlTypeListTest", "UnitTest\xlTypeListTest\xlTypeListTest.vcxproj", "{8D8EAAF1-93DD-42D0-8F08-D149A07E4E8C}"
EndProject
Global
	GlobalSection(SolutionConfigurationPlatforms) = preSolution
		Debug|Win32 = Debug|Win32
		Release|Win32 = Release|Win32
	EndGlobalSection
	GlobalSection(ProjectConfigurationPlatforms) = postSolution
		{EC10C8B7-1338-49F4-81DF-7C6B551E4519}.Debug|Win32.ActiveCfg = Debug|Win32
		{EC10C8B7-1338-49F4-81DF-7C6B551E4519}.Debug|Win32.Build.0 = Debug|Win32
		{EC10C8B7-1338-49F4-81DF-7C6B551E4519}.Release|Win32.ActiveCfg = Release|Win32
		{EC10C8B7-1338-49F4-81DF-7C6B551E4519}.Release|Win32.Build.0 = Release|Win32
		{0200BE79-EA0F-438D-9681-B226E389B4A1}.Debug|Win32.ActiveCfg = Debug|Win32
		{0200BE79-EA0F-438D-9681-B226E389B4A1}.Debug|Win32.Build.0 = Debug|Win32
		{0200BE79-EA0F-438D-9681-B226E389B4A1}.Release|Win32.ActiveCfg = Release|Win32
		{0200BE79-EA0F-438D-9681-B226E389B4A1}.Release|Win32.Build.0 = Release|Win32
		{3E4BFCF9-C59F-4976-B16F-6CD3BE6CBADE}.Debug|Win32.ActiveCfg = Debug|Win32
		{3E4BFCF9-C59F-4976-B16F-6CD3BE6CBADE}.Debug|Win32.Build.0 = Debug|Win32
		{3E4BFCF9-C59F-4976-B16F-6CD3BE6CBADE}.Release|Win32.ActiveCfg = Release|Win32
		{3E4BFCF9-C59F-4976-B16F-6CD3BE6CBADE}.Release|Win32.Build.0 = Release|Win32
		{0D471331-A9CB-4A99-A848-C22CCD87EA2D}.Debug|Win32.ActiveCfg = Debug|Win32
		{0D471331-A9CB-4A99-A848-C22CCD87EA2D}.Debug|Win32.Build.0 = Debug|Win32
		{0D471331-A9CB-4A99-A848-C22CCD87EA2D}.Release|Win32.ActiveCfg = Release|Win32
		{0D471331-A9CB-4A99-A848-C22CCD87EA2D}.Release|Win32.Build.0 = Release|Win32
		{A2A7F472-0D0E-4788-A4A9-EEA393B0D39C}.Debug|Win32.ActiveCfg = Debug|Win32
		{A2A7F472-0D0E-4788-A4A9-EEA393B0D39C}.Debug|Win32.Build.0 = Debug|Win32
		{A2A7F472-0D0E-4788-A4A9-EEA393B0D39C}.Release|Win32.ActiveCfg = Release|Win32
		{A2A7F472-0D0E-4788-A4A9-EEA393B0D39C}.Release|Win32.Build.0 = Release|Win32
		{F3E90435-67BE-4625-8442-47525AAE3C86}.Debug|Win32.ActiveCfg = Debug|Win32
		{F3E90435-67BE-4625-8442-47525AAE3C86}.Debug|Win32.Build.0 = Debug|Win32
		{F3E90435-67BE-4625-8442-47525AAE3C86}.Release|Win32.ActiveCfg = Release|Win32
		{F3E90435-67BE-4625-8442-47525AAE3C86}.Release|Win32.Build.0 = Release|Win32
		{BB26E470-1F2B-4D70-AB44-00BBE861C9B4}.Debug|Win32.ActiveCfg = Debug|Win32
		{BB26E470-1F2B-4D70-AB44-00BBE861C9B4}.Debug|Win32.Build.0 = Debug|Win32
		{BB26E470-1F2B-4D70-AB44-00BBE861C9B4}.Release|Win32.ActiveCfg = Release|Win32
		{BB26E470-1F2B-4D70-AB44-00BBE861C9B4}.Release|Win32.Build.0 = Release|Win32
		{E83F331B-818B-40A0-BD86-7EA48A0C259B}.Debug|Win32.ActiveCfg = Debug|Win32
		{E83F331B-818B-40A0-BD86-7EA48A0C259B}.Debug|Win32.Build.0 = Debug|Win32
		{E83F331B-818B-40A0-BD86-7EA48A0C259B}.Release|Win32.ActiveCfg = Release|Win32
		{E83F331B-818B-40A0-BD86-7EA48A0C259B}.Release|Win32.Build.0 = Release|Win32
		{4B436D1F-D7BA-4FE7-9C71-06EEE609E6DD}.Debug|Win32.ActiveCfg = Debug|Win32
		{4B436D1F-D7BA-4FE7-9C71-06EEE609E6DD}.Debug|Win32.Build.0 = Debug|Win32
		{4B436D1F-D7BA-4FE7-9C71-06EEE609E6DD}.Release|Win32.ActiveCfg = Release|Win32
		{4B436D1F-D7BA-4FE7-9C71-06EEE609E6DD}.Release|Win32.Build.0 = Release|Win32
		{2C71993B-5063-4DFD-8E38-6CDE92CE8DDE}.Debug|Win32.ActiveCfg = Debug|Win32
		{2C71993B-5063-4DFD-8E38-6CDE92CE8DDE}.Debug|Win32.Build.0 = Debug|Win32
		{2C71993B-5063-4DFD-8E38-6CDE92CE8DDE}.Release|Win32.ActiveCfg = Release|Win32
		{2C71993B-5063-4DFD-8E38-6CDE92CE8DDE}.Release|Win32.Build.0 = Release|Win32
		{680B706B-FAC0-438E-8459-EC5492D0BE33}.Debug|Win32.ActiveCfg = Debug|Win32
		{680B706B-FAC0-438E-8459-EC5492D0BE33}.Debug|Win32.Build.0 = Debug|Win32
		{680B706B-FAC0-438E-8459-EC5492D0BE33}.Release|Win32.ActiveCfg = Release|Win32
		{680B706B-FAC0-438E-8459-EC5492D0BE33}.Release|Win32.Build.0 = Release|Win32
		{8D8EAAF1-93DD-42D0-8F08-D149A07E4E8C}.Debug|Win32.ActiveCfg = Debug|Win32
		{8D8EAAF1-93DD-42D0-8F08-D149A07E4E8C}.Debug|Win32.Build.0 = Debug|Win32
		{8D8EAAF1-93DD-42D0-8F08-D149A07E4E8C}.Release|Win32.ActiveCfg = Release|Win32
		{8D8EAAF1-93DD-42D0-8F08-D149A07E4E8C}.Release|Win32.Build.0 = Release|Win32
	EndGlobalSection
	GlobalSection(SolutionProperties) = preSolution
		HideSolutionNode = FALSE
	EndGlobalSection
	GlobalSection(NestedProjects) = preSolution
		{EC10C8B7-1338-49F4-81DF-7C6B551E4519} = {32139451-1EE1-4BA6-9E40-C3E84993E9A6}
		{0200BE79-EA0F-438D-9681-B226E389B4A1} = {32139451-1EE1-4BA6-9E40-C3E84993E9A6}
		{3E4BFCF9-C59F-4976-B16F-6CD3BE6CBADE} = {32139451-1EE1-4BA6-9E40-C3E84993E9A6}
		{0D471331-A9CB-4A99-A848-C22CCD87EA2D} = {32139451-1EE1-4BA6-9E40-C3E84993E9A6}
		{A2A7F472-0D0E-4788-A4A9-EEA393B0D39C} = {32139451-1EE1-4BA6-9E40-C3E84993E9A6}
		{F3E90435-67BE-4625-8442-47525AAE3C86} = {32139451-1EE1-4BA6-9E40-C3E84993E9A6}
		{BB26E470-1F2B-4D70-AB44-00BBE861C9B4} = {32139451-1EE1-4BA6-9E40-C3E84993E9A6}
		{E83F331B-818B-40A0-BD86-7EA48A0C259B} = {32139451-1EE1-4BA6-9E40-C3E84993E9A6}
		{4B436D1F-D7BA-4FE7-9C71-06EEE609E6DD} = {32139451-1EE1-4BA6-9E40-C3E84993E9A6}
		{2C71993B-5063-4DFD-8E38-6CDE92CE8DDE} = {32139451-1EE1-4BA6-9E40-C3E84993E9A6}
		{680B706B-FAC0-438E-8459-EC5492D0BE33} = {32139451-1EE1-4BA6-9E40-C3E84993E9A6}
		{8D8EAAF1-93DD-42D0-8F08-D149A07E4E8C} = {32139451-1EE1-4BA6-9E40-C3E84993E9A6}
		{FD3A4148-0987-4149-B459-5727872E3AA9} = {41DE1E2B-20E7-4CA9-95BF-FED590434EBA}
		{9B64EC0F-9080-4D92-9A68-5A1423CC3BA7} = {41DE1E2B-20E7-4CA9-95BF-FED590434EBA}
		{3CF5010F-D9AA-40DA-9823-D23D64A7BE33} = {41DE1E2B-20E7-4CA9-95BF-FED590434EBA}
	EndGlobalSection
EndGlobal
