
Microsoft Visual Studio Solution File, Format Version 11.00
# Visual Studio 2010
Project("{8BC9CEB8-8B4A-11D0-8D11-00A0C91BC942}") = "Main", "UnitTest\Main\Main.vcxproj", "{EC10C8B7-1338-49F4-81DF-7C6B551E4519}"
EndProject
Project("{2150E333-8FDC-42A3-9474-1A3956D46DE8}") = "xlLib", "xlLib", "{41DE1E2B-20E7-4CA9-95BF-FED590434EBA}"
	ProjectSection(SolutionItems) = preProject
		SourceCode\xl\xlDef.h = SourceCode\xl\xlDef.h
	EndProjectSection
EndProject
Project("{2150E333-8FDC-42A3-9474-1A3956D46DE8}") = "Containers", "Containers", "{FD3A4148-0987-4149-B459-5727872E3AA9}"
	ProjectSection(SolutionItems) = preProject
		SourceCode\xl\Containers\xlArray.h = SourceCode\xl\Containers\xlArray.h
		SourceCode\xl\Containers\xlList.h = SourceCode\xl\Containers\xlList.h
		SourceCode\xl\Containers\xlMap.h = SourceCode\xl\Containers\xlMap.h
		SourceCode\xl\Containers\xlPair.h = SourceCode\xl\Containers\xlPair.h
		SourceCode\xl\Containers\xlRBTree.h = SourceCode\xl\Containers\xlRBTree.h
		SourceCode\xl\Containers\xlSet.h = SourceCode\xl\Containers\xlSet.h
	EndProjectSection
EndProject
Project("{2150E333-8FDC-42A3-9474-1A3956D46DE8}") = "Objects", "Objects", "{9B64EC0F-9080-4D92-9A68-5A1423CC3BA7}"
	ProjectSection(SolutionItems) = preProject
		SourceCode\xl\Objects\xlBigInt.h = SourceCode\xl\Objects\xlBigInt.h
		SourceCode\xl\Objects\xlQIPtr.h = SourceCode\xl\Objects\xlQIPtr.h
		SourceCode\xl\Objects\xlRegExp.h = SourceCode\xl\Objects\xlRegExp.h
		SourceCode\xl\Objects\xlString.h = SourceCode\xl\Objects\xlString.h
	EndProjectSection
EndProject
Project("{2150E333-8FDC-42A3-9474-1A3956D46DE8}") = "UnitTest", "UnitTest", "{32139451-1EE1-4BA6-9E40-C3E84993E9A6}"
EndProject
Project("{8BC9CEB8-8B4A-11D0-8D11-00A0C91BC942}") = "xlArrayTest", "UnitTest\xlArrayTest\xlArrayTest.vcxproj", "{0200BE79-EA0F-438D-9681-B226E389B4A1}"
EndProject
Project("{8BC9CEB8-8B4A-11D0-8D11-00A0C91BC942}") = "xlBigIntTest", "UnitTest\xlBigIntTest\xlBigIntTest.vcxproj", "{3E4BFCF9-C59F-4976-B16F-6CD3BE6CBADE}"
EndProject
Project("{8BC9CEB8-8B4A-11D0-8D11-00A0C91BC942}") = "xlListTest", "UnitTest\xlListTest\xlListTest.vcxproj", "{0D471331-A9CB-4A99-A848-C22CCD87EA2D}"
EndProject
Project("{8BC9CEB8-8B4A-11D0-8D11-00A0C91BC942}") = "xlRBTreeTest", "UnitTest\xlRBTreeTest\xlRBTreeTest.vcxproj", "{A2A7F472-0D0E-4788-A4A9-EEA393B0D39C}"
EndProject
Project("{8BC9CEB8-8B4A-11D0-8D11-00A0C91BC942}") = "xlPairTest", "UnitTest\xlPairTest\xlPairTest.vcxproj", "{F3E90435-67BE-4625-8442-47525AAE3C86}"
EndProject
Project("{8BC9CEB8-8B4A-11D0-8D11-00A0C91BC942}") = "xlSetTest", "UnitTest\xlSetTest\xlSetTest.vcxproj", "{BB26E470-1F2B-4D70-AB44-00BBE861C9B4}"
EndProject
Project("{8BC9CEB8-8B4A-11D0-8D11-00A0C91BC942}") = "xlMapTest", "UnitTest\xlMapTest\xlMapTest.vcxproj", "{E83F331B-818B-40A0-BD86-7EA48A0C259B}"
EndProject
Project("{8BC9CEB8-8B4A-11D0-8D11-00A0C91BC942}") = "xlStringTest", "UnitTest\xlStringTest\xlStringTest.vcxproj", "{4B436D1F-D7BA-4FE7-9C71-06EEE609E6DD}"
EndProject
Project("{8BC9CEB8-8B4A-11D0-8D11-00A0C91BC942}") = "xlQIPtrTest", "UnitTest\xlQIPtrTest\xlQIPtrTest.vcxproj", "{2C71993B-5063-4DFD-8E38-6CDE92CE8DDE}"
EndProject
Project("{8BC9CEB8-8B4A-11D0-8D11-00A0C91BC942}") = "xlRegExpTest", "UnitTest\xlRegExpTest\xlRegExpTest.vcxproj", "{680B706B-FAC0-438E-8459-EC5492D0BE33}"
EndProject
Project("{2150E333-8FDC-42A3-9474-1A3956D46DE8}") = "Meta", "Meta", "{3CF5010F-D9AA-40DA-9823-D23D64A7BE33}"
	ProjectSection(SolutionItems) = preProject
		SourceCode\xl\Meta\xlFunction.h = SourceCode\xl\Meta\xlFunction.h
		SourceCode\xl\Meta\xlMacros.h = SourceCode\xl\Meta\xlMacros.h
		SourceCode\xl\Meta\xlMetaBase.h = SourceCode\xl\Meta\xlMetaBase.h
		SourceCode\xl\Meta\xlTypeList.h = SourceCode\xl\Meta\xlTypeList.h
		SourceCode\xl\Meta\xlTypeTraits.h = SourceCode\xl\Meta\xlTypeTraits.h
	EndProjectSection
EndProject
Project("{8BC9CEB8-8B4A-11D0-8D11-00A0C91BC942}") = "xlTypeListTest", "UnitTest\xlTypeListTest\xlTypeListTest.vcxproj", "{8D8EAAF1-93DD-42D0-8F08-D149A07E4E8C}"
EndProject
Project("{8BC9CEB8-8B4A-11D0-8D11-00A0C91BC942}") = "xlFunctionTest", "UnitTest\xlFunctionTest\xlFunctionTest.vcxproj", "{834426D1-CC21-42C7-9EE1-8933C8884784}"
EndProject
Project("{2150E333-8FDC-42A3-9474-1A3956D46DE8}") = "Win32", "Win32", "{8F40867B-C99D-4C15-A0C7-F407C9CC741D}"
EndProject
Project("{2150E333-8FDC-42A3-9474-1A3956D46DE8}") = "Threads", "Threads", "{C5DC26E9-5A2C-453C-993D-554D9D220DA1}"
	ProjectSection(SolutionItems) = preProject
		SourceCode\xl\Win32\Threads\xlCriticalSection.h = SourceCode\xl\Win32\Threads\xlCriticalSection.h
		SourceCode\xl\Win32\Threads\xlTls.h = SourceCode\xl\Win32\Threads\xlTls.h
	EndProjectSection
EndProject
Project("{2150E333-8FDC-42A3-9474-1A3956D46DE8}") = "GUI", "GUI", "{B9EA58CE-58D0-48C0-B8DC-89DBC8B2D88D}"
	ProjectSection(SolutionItems) = preProject
		SourceCode\xl\Win32\GUI\xlStdButton.h = SourceCode\xl\Win32\GUI\xlStdButton.h
		SourceCode\xl\Win32\GUI\xlStdStatic.h = SourceCode\xl\Win32\GUI\xlStdStatic.h
		SourceCode\xl\Win32\GUI\xlThunk.h = SourceCode\xl\Win32\GUI\xlThunk.h
		SourceCode\xl\Win32\GUI\xlWindow.h = SourceCode\xl\Win32\GUI\xlWindow.h
		SourceCode\xl\Win32\GUI\xlWindowBase.h = SourceCode\xl\Win32\GUI\xlWindowBase.h
	EndProjectSection
EndProject
Project("{2150E333-8FDC-42A3-9474-1A3956D46DE8}") = "Memory", "Memory", "{8E12D1F8-E344-41C8-9FD9-2F93E874F24E}"
	ProjectSection(SolutionItems) = preProject
		SourceCode\xl\Win32\Memory\xlHeap.h = SourceCode\xl\Win32\Memory\xlHeap.h
	EndProjectSection
EndProject
Project("{8BC9CEB8-8B4A-11D0-8D11-00A0C91BC942}") = "xlGUITest", "UnitTest\xlGUITest\xlGUITest.vcxproj", "{6D840ACB-99F9-4D9C-8B0C-6247FF7A3E2D}"
EndProject
Project("{2150E333-8FDC-42A3-9474-1A3956D46DE8}") = "Cryption", "Cryption", "{54E546A4-BE6C-49B1-90D1-10C609CB1115}"
	ProjectSection(SolutionItems) = preProject
		SourceCode\xl\Cryption\xlCRC32.h = SourceCode\xl\Cryption\xlCRC32.h
		SourceCode\xl\Cryption\xlMD5.h = SourceCode\xl\Cryption\xlMD5.h
		SourceCode\xl\Cryption\xlSHA1.h = SourceCode\xl\Cryption\xlSHA1.h
	EndProjectSection
EndProject
Project("{8BC9CEB8-8B4A-11D0-8D11-00A0C91BC942}") = "xlMD5Test", "UnitTest\xlMD5Test\xlMD5Test.vcxproj", "{7160AD5D-CB11-43F3-A110-B5D3DC8EC322}"
EndProject
Project("{8BC9CEB8-8B4A-11D0-8D11-00A0C91BC942}") = "xlSHA1Test", "UnitTest\xlSHA1Test\xlSHA1Test.vcxproj", "{AA2377B8-6EFE-419E-BDA8-95CEBBBF9286}"
EndProject
Project("{8BC9CEB8-8B4A-11D0-8D11-00A0C91BC942}") = "xlCRC32Test", "UnitTest\xlCRC32Test\xlCRC32Test.vcxproj", "{F575776E-7237-4F70-96D5-FCCA801EC485}"
EndProject
Project("{2150E333-8FDC-42A3-9474-1A3956D46DE8}") = "Test", "Test", "{27631DF6-2FAF-4EDA-A7BB-FB989284C771}"
	ProjectSection(SolutionItems) = preProject
		SourceCode\xl\Test\xlUnitTest.h = SourceCode\xl\Test\xlUnitTest.h
	EndProjectSection
EndProject
Global
	GlobalSection(SolutionConfigurationPlatforms) = preSolution
		Debug|Win32 = Debug|Win32
		Release|Win32 = Release|Win32
	EndGlobalSection
	GlobalSection(ProjectConfigurationPlatforms) = postSolution
		{EC10C8B7-1338-49F4-81DF-7C6B551E4519}.Debug|Win32.ActiveCfg = Debug|Win32
		{EC10C8B7-1338-49F4-81DF-7C6B551E4519}.Debug|Win32.Build.0 = Debug|Win32
		{EC10C8B7-1338-49F4-81DF-7C6B551E4519}.Release|Win32.ActiveCfg = Release|Win32
		{EC10C8B7-1338-49F4-81DF-7C6B551E4519}.Release|Win32.Build.0 = Release|Win32
		{0200BE79-EA0F-438D-9681-B226E389B4A1}.Debug|Win32.ActiveCfg = Debug|Win32
		{0200BE79-EA0F-438D-9681-B226E389B4A1}.Debug|Win32.Build.0 = Debug|Win32
		{0200BE79-EA0F-438D-9681-B226E389B4A1}.Release|Win32.ActiveCfg = Release|Win32
		{0200BE79-EA0F-438D-9681-B226E389B4A1}.Release|Win32.Build.0 = Release|Win32
		{3E4BFCF9-C59F-4976-B16F-6CD3BE6CBADE}.Debug|Win32.ActiveCfg = Debug|Win32
		{3E4BFCF9-C59F-4976-B16F-6CD3BE6CBADE}.Debug|Win32.Build.0 = Debug|Win32
		{3E4BFCF9-C59F-4976-B16F-6CD3BE6CBADE}.Release|Win32.ActiveCfg = Release|Win32
		{3E4BFCF9-C59F-4976-B16F-6CD3BE6CBADE}.Release|Win32.Build.0 = Release|Win32
		{0D471331-A9CB-4A99-A848-C22CCD87EA2D}.Debug|Win32.ActiveCfg = Debug|Win32
		{0D471331-A9CB-4A99-A848-C22CCD87EA2D}.Debug|Win32.Build.0 = Debug|Win32
		{0D471331-A9CB-4A99-A848-C22CCD87EA2D}.Release|Win32.ActiveCfg = Release|Win32
		{0D471331-A9CB-4A99-A848-C22CCD87EA2D}.Release|Win32.Build.0 = Release|Win32
		{A2A7F472-0D0E-4788-A4A9-EEA393B0D39C}.Debug|Win32.ActiveCfg = Debug|Win32
		{A2A7F472-0D0E-4788-A4A9-EEA393B0D39C}.Debug|Win32.Build.0 = Debug|Win32
		{A2A7F472-0D0E-4788-A4A9-EEA393B0D39C}.Release|Win32.ActiveCfg = Release|Win32
		{A2A7F472-0D0E-4788-A4A9-EEA393B0D39C}.Release|Win32.Build.0 = Release|Win32
		{F3E90435-67BE-4625-8442-47525AAE3C86}.Debug|Win32.ActiveCfg = Debug|Win32
		{F3E90435-67BE-4625-8442-47525AAE3C86}.Debug|Win32.Build.0 = Debug|Win32
		{F3E90435-67BE-4625-8442-47525AAE3C86}.Release|Win32.ActiveCfg = Release|Win32
		{F3E90435-67BE-4625-8442-47525AAE3C86}.Release|Win32.Build.0 = Release|Win32
		{BB26E470-1F2B-4D70-AB44-00BBE861C9B4}.Debug|Win32.ActiveCfg = Debug|Win32
		{BB26E470-1F2B-4D70-AB44-00BBE861C9B4}.Debug|Win32.Build.0 = Debug|Win32
		{BB26E470-1F2B-4D70-AB44-00BBE861C9B4}.Release|Win32.ActiveCfg = Release|Win32
		{BB26E470-1F2B-4D70-AB44-00BBE861C9B4}.Release|Win32.Build.0 = Release|Win32
		{E83F331B-818B-40A0-BD86-7EA48A0C259B}.Debug|Win32.ActiveCfg = Debug|Win32
		{E83F331B-818B-40A0-BD86-7EA48A0C259B}.Debug|Win32.Build.0 = Debug|Win32
		{E83F331B-818B-40A0-BD86-7EA48A0C259B}.Release|Win32.ActiveCfg = Release|Win32
		{E83F331B-818B-40A0-BD86-7EA48A0C259B}.Release|Win32.Build.0 = Release|Win32
		{4B436D1F-D7BA-4FE7-9C71-06EEE609E6DD}.Debug|Win32.ActiveCfg = Debug|Win32
		{4B436D1F-D7BA-4FE7-9C71-06EEE609E6DD}.Debug|Win32.Build.0 = Debug|Win32
		{4B436D1F-D7BA-4FE7-9C71-06EEE609E6DD}.Release|Win32.ActiveCfg = Release|Win32
		{4B436D1F-D7BA-4FE7-9C71-06EEE609E6DD}.Release|Win32.Build.0 = Release|Win32
		{2C71993B-5063-4DFD-8E38-6CDE92CE8DDE}.Debug|Win32.ActiveCfg = Debug|Win32
		{2C71993B-5063-4DFD-8E38-6CDE92CE8DDE}.Debug|Win32.Build.0 = Debug|Win32
		{2C71993B-5063-4DFD-8E38-6CDE92CE8DDE}.Release|Win32.ActiveCfg = Release|Win32
		{2C71993B-5063-4DFD-8E38-6CDE92CE8DDE}.Release|Win32.Build.0 = Release|Win32
		{680B706B-FAC0-438E-8459-EC5492D0BE33}.Debug|Win32.ActiveCfg = Debug|Win32
		{680B706B-FAC0-438E-8459-EC5492D0BE33}.Debug|Win32.Build.0 = Debug|Win32
		{680B706B-FAC0-438E-8459-EC5492D0BE33}.Release|Win32.ActiveCfg = Release|Win32
		{680B706B-FAC0-438E-8459-EC5492D0BE33}.Release|Win32.Build.0 = Release|Win32
		{8D8EAAF1-93DD-42D0-8F08-D149A07E4E8C}.Debug|Win32.ActiveCfg = Debug|Win32
		{8D8EAAF1-93DD-42D0-8F08-D149A07E4E8C}.Debug|Win32.Build.0 = Debug|Win32
		{8D8EAAF1-93DD-42D0-8F08-D149A07E4E8C}.Release|Win32.ActiveCfg = Release|Win32
		{8D8EAAF1-93DD-42D0-8F08-D149A07E4E8C}.Release|Win32.Build.0 = Release|Win32
		{834426D1-CC21-42C7-9EE1-8933C8884784}.Debug|Win32.ActiveCfg = Debug|Win32
		{834426D1-CC21-42C7-9EE1-8933C8884784}.Debug|Win32.Build.0 = Debug|Win32
		{834426D1-CC21-42C7-9EE1-8933C8884784}.Release|Win32.ActiveCfg = Release|Win32
		{834426D1-CC21-42C7-9EE1-8933C8884784}.Release|Win32.Build.0 = Release|Win32
		{6D840ACB-99F9-4D9C-8B0C-6247FF7A3E2D}.Debug|Win32.ActiveCfg = Debug|Win32
		{6D840ACB-99F9-4D9C-8B0C-6247FF7A3E2D}.Debug|Win32.Build.0 = Debug|Win32
		{6D840ACB-99F9-4D9C-8B0C-6247FF7A3E2D}.Release|Win32.ActiveCfg = Release|Win32
		{6D840ACB-99F9-4D9C-8B0C-6247FF7A3E2D}.Release|Win32.Build.0 = Release|Win32
		{7160AD5D-CB11-43F3-A110-B5D3DC8EC322}.Debug|Win32.ActiveCfg = Debug|Win32
		{7160AD5D-CB11-43F3-A110-B5D3DC8EC322}.Debug|Win32.Build.0 = Debug|Win32
		{7160AD5D-CB11-43F3-A110-B5D3DC8EC322}.Release|Win32.ActiveCfg = Release|Win32
		{7160AD5D-CB11-43F3-A110-B5D3DC8EC322}.Release|Win32.Build.0 = Release|Win32
		{AA2377B8-6EFE-419E-BDA8-95CEBBBF9286}.Debug|Win32.ActiveCfg = Debug|Win32
		{AA2377B8-6EFE-419E-BDA8-95CEBBBF9286}.Debug|Win32.Build.0 = Debug|Win32
		{AA2377B8-6EFE-419E-BDA8-95CEBBBF9286}.Release|Win32.ActiveCfg = Release|Win32
		{AA2377B8-6EFE-419E-BDA8-95CEBBBF9286}.Release|Win32.Build.0 = Release|Win32
		{F575776E-7237-4F70-96D5-FCCA801EC485}.Debug|Win32.ActiveCfg = Debug|Win32
		{F575776E-7237-4F70-96D5-FCCA801EC485}.Debug|Win32.Build.0 = Debug|Win32
		{F575776E-7237-4F70-96D5-FCCA801EC485}.Release|Win32.ActiveCfg = Release|Win32
		{F575776E-7237-4F70-96D5-FCCA801EC485}.Release|Win32.Build.0 = Release|Win32
	EndGlobalSection
	GlobalSection(SolutionProperties) = preSolution
		HideSolutionNode = FALSE
	EndGlobalSection
	GlobalSection(NestedProjects) = preSolution
		{EC10C8B7-1338-49F4-81DF-7C6B551E4519} = {32139451-1EE1-4BA6-9E40-C3E84993E9A6}
		{0200BE79-EA0F-438D-9681-B226E389B4A1} = {32139451-1EE1-4BA6-9E40-C3E84993E9A6}
		{3E4BFCF9-C59F-4976-B16F-6CD3BE6CBADE} = {32139451-1EE1-4BA6-9E40-C3E84993E9A6}
		{0D471331-A9CB-4A99-A848-C22CCD87EA2D} = {32139451-1EE1-4BA6-9E40-C3E84993E9A6}
		{A2A7F472-0D0E-4788-A4A9-EEA393B0D39C} = {32139451-1EE1-4BA6-9E40-C3E84993E9A6}
		{F3E90435-67BE-4625-8442-47525AAE3C86} = {32139451-1EE1-4BA6-9E40-C3E84993E9A6}
		{BB26E470-1F2B-4D70-AB44-00BBE861C9B4} = {32139451-1EE1-4BA6-9E40-C3E84993E9A6}
		{E83F331B-818B-40A0-BD86-7EA48A0C259B} = {32139451-1EE1-4BA6-9E40-C3E84993E9A6}
		{4B436D1F-D7BA-4FE7-9C71-06EEE609E6DD} = {32139451-1EE1-4BA6-9E40-C3E84993E9A6}
		{2C71993B-5063-4DFD-8E38-6CDE92CE8DDE} = {32139451-1EE1-4BA6-9E40-C3E84993E9A6}
		{680B706B-FAC0-438E-8459-EC5492D0BE33} = {32139451-1EE1-4BA6-9E40-C3E84993E9A6}
		{8D8EAAF1-93DD-42D0-8F08-D149A07E4E8C} = {32139451-1EE1-4BA6-9E40-C3E84993E9A6}
		{834426D1-CC21-42C7-9EE1-8933C8884784} = {32139451-1EE1-4BA6-9E40-C3E84993E9A6}
		{6D840ACB-99F9-4D9C-8B0C-6247FF7A3E2D} = {32139451-1EE1-4BA6-9E40-C3E84993E9A6}
		{7160AD5D-CB11-43F3-A110-B5D3DC8EC322} = {32139451-1EE1-4BA6-9E40-C3E84993E9A6}
		{AA2377B8-6EFE-419E-BDA8-95CEBBBF9286} = {32139451-1EE1-4BA6-9E40-C3E84993E9A6}
		{F575776E-7237-4F70-96D5-FCCA801EC485} = {32139451-1EE1-4BA6-9E40-C3E84993E9A6}
		{FD3A4148-0987-4149-B459-5727872E3AA9} = {41DE1E2B-20E7-4CA9-95BF-FED590434EBA}
		{9B64EC0F-9080-4D92-9A68-5A1423CC3BA7} = {41DE1E2B-20E7-4CA9-95BF-FED590434EBA}
		{3CF5010F-D9AA-40DA-9823-D23D64A7BE33} = {41DE1E2B-20E7-4CA9-95BF-FED590434EBA}
		{8F40867B-C99D-4C15-A0C7-F407C9CC741D} = {41DE1E2B-20E7-4CA9-95BF-FED590434EBA}
		{54E546A4-BE6C-49B1-90D1-10C609CB1115} = {41DE1E2B-20E7-4CA9-95BF-FED590434EBA}
		{27631DF6-2FAF-4EDA-A7BB-FB989284C771} = {41DE1E2B-20E7-4CA9-95BF-FED590434EBA}
		{C5DC26E9-5A2C-453C-993D-554D9D220DA1} = {8F40867B-C99D-4C15-A0C7-F407C9CC741D}
		{B9EA58CE-58D0-48C0-B8DC-89DBC8B2D88D} = {8F40867B-C99D-4C15-A0C7-F407C9CC741D}
		{8E12D1F8-E344-41C8-9FD9-2F93E874F24E} = {8F40867B-C99D-4C15-A0C7-F407C9CC741D}
	EndGlobalSection
EndGlobal
